
Microsoft Visual Studio Solution File, Format Version 12.00
# Visual Studio 15
VisualStudioVersion = 15.0.28307.106
MinimumVisualStudioVersion = 10.0.40219.1
Project("{FAE04EC0-301F-11D3-BF4B-00C04F79EFBC}") = "NetCore.Cache.Common", "NetCore.Cache.Common\NetCore.Cache.Common.csproj", "{0C5C97BD-F3FB-4A99-8113-8B5ED1B81E83}"
EndProject
Project("{FAE04EC0-301F-11D3-BF4B-00C04F79EFBC}") = "NetCore.Cache.AspNetCore", "NetCore.Cache.AspNetCore\NetCore.Cache.AspNetCore.csproj", "{69871A8F-EA7F-40E3-8822-914ACA5380DE}"
EndProject
Project("{FAE04EC0-301F-11D3-BF4B-00C04F79EFBC}") = "NetCore.Cache.Domain", "NetCore.Cache.Domain\NetCore.Cache.Domain.csproj", "{204FC3C7-6393-4ACF-99FC-1393B9F41E21}"
EndProject
Project("{FAE04EC0-301F-11D3-BF4B-00C04F79EFBC}") = "NetCore.Cache", "NetCore.Cache\NetCore.Cache.csproj", "{C5BC7F17-0182-4C1A-AAC9-595B5A6428C2}"
EndProject
Project("{FAE04EC0-301F-11D3-BF4B-00C04F79EFBC}") = "NetCore.Cache.Tests", "NetCore.Cache.Tests\NetCore.Cache.Tests.csproj", "{55368E89-9670-4C63-A420-FE6002591E5C}"
EndProject
Global
	GlobalSection(SolutionConfigurationPlatforms) = preSolution
		Debug|Any CPU = Debug|Any CPU
		Release|Any CPU = Release|Any CPU
	EndGlobalSection
	GlobalSection(ProjectConfigurationPlatforms) = postSolution
		{0C5C97BD-F3FB-4A99-8113-8B5ED1B81E83}.Debug|Any CPU.ActiveCfg = Debug|Any CPU
		{0C5C97BD-F3FB-4A99-8113-8B5ED1B81E83}.Debug|Any CPU.Build.0 = Debug|Any CPU
		{0C5C97BD-F3FB-4A99-8113-8B5ED1B81E83}.Release|Any CPU.ActiveCfg = Release|Any CPU
		{0C5C97BD-F3FB-4A99-8113-8B5ED1B81E83}.Release|Any CPU.Build.0 = Release|Any CPU
		{69871A8F-EA7F-40E3-8822-914ACA5380DE}.Debug|Any CPU.ActiveCfg = Debug|Any CPU
		{69871A8F-EA7F-40E3-8822-914ACA5380DE}.Debug|Any CPU.Build.0 = Debug|Any CPU
		{69871A8F-EA7F-40E3-8822-914ACA5380DE}.Release|Any CPU.ActiveCfg = Release|Any CPU
		{69871A8F-EA7F-40E3-8822-914ACA5380DE}.Release|Any CPU.Build.0 = Release|Any CPU
		{204FC3C7-6393-4ACF-99FC-1393B9F41E21}.Debug|Any CPU.ActiveCfg = Debug|Any CPU
		{204FC3C7-6393-4ACF-99FC-1393B9F41E21}.Debug|Any CPU.Build.0 = Debug|Any CPU
		{204FC3C7-6393-4ACF-99FC-1393B9F41E21}.Release|Any CPU.ActiveCfg = Release|Any CPU
		{204FC3C7-6393-4ACF-99FC-1393B9F41E21}.Release|Any CPU.Build.0 = Release|Any CPU
		{C5BC7F17-0182-4C1A-AAC9-595B5A6428C2}.Debug|Any CPU.ActiveCfg = Debug|Any CPU
		{C5BC7F17-0182-4C1A-AAC9-595B5A6428C2}.Debug|Any CPU.Build.0 = Debug|Any CPU
		{C5BC7F17-0182-4C1A-AAC9-595B5A6428C2}.Release|Any CPU.ActiveCfg = Release|Any CPU
		{C5BC7F17-0182-4C1A-AAC9-595B5A6428C2}.Release|Any CPU.Build.0 = Release|Any CPU
		{55368E89-9670-4C63-A420-FE6002591E5C}.Debug|Any CPU.ActiveCfg = Debug|Any CPU
		{55368E89-9670-4C63-A420-FE6002591E5C}.Debug|Any CPU.Build.0 = Debug|Any CPU
		{55368E89-9670-4C63-A420-FE6002591E5C}.Release|Any CPU.ActiveCfg = Release|Any CPU
		{55368E89-9670-4C63-A420-FE6002591E5C}.Release|Any CPU.Build.0 = Release|Any CPU
	EndGlobalSection
	GlobalSection(SolutionProperties) = preSolution
		HideSolutionNode = FALSE
	EndGlobalSection
	GlobalSection(ExtensibilityGlobals) = postSolution
		SolutionGuid = {E531F9FB-106A-47F0-8D78-D4289460875B}
	EndGlobalSection
EndGlobal
